# This file is automatically @generated by Cargo.
# It is not intended for manual editing.
version = 3

[[package]]
name = "assert_matches"
version = "1.5.0"
source = "registry+https://github.com/rust-lang/crates.io-index"
checksum = "9b34d609dfbaf33d6889b2b7106d3ca345eacad44200913df5ba02bfd31d2ba9"

[[package]]
name = "codama-renderers-rust-e2e-memo"
version = "0.0.0"
dependencies = [
 "assert_matches",
 "pinocchio",
 "pinocchio-pubkey",
]

[[package]]
name = "five8_const"
version = "0.1.3"
source = "registry+https://github.com/rust-lang/crates.io-index"
checksum = "72b4f62f0f8ca357f93ae90c8c2dd1041a1f665fde2f889ea9b1787903829015"
dependencies = [
 "five8_core",
]

[[package]]
name = "five8_core"
version = "0.1.1"
source = "registry+https://github.com/rust-lang/crates.io-index"
checksum = "94474d15a76982be62ca8a39570dccce148d98c238ebb7408b0a21b2c4bdddc4"

[[package]]
name = "pinocchio"
version = "0.6.0"
source = "registry+https://github.com/rust-lang/crates.io-index"
checksum = "c9f716de2190437efa787dd7414f4bcea88d22c2f81bbeecabb7db6d9cc326bd"

[[package]]
name = "pinocchio-pubkey"
version = "0.2.1"
source = "registry+https://github.com/rust-lang/crates.io-index"
checksum = "b4800103b9bea24df2e78f161403fc8f8c2286cb5f874b2e5feebe6c5c4fb35a"
dependencies = [
 "five8_const",
 "pinocchio",
]
